{
  "name": "5.6",
  "lockfileVersion": 3,
  "requires": true,
  "packages": {
    "": {
      "dependencies": {
        "types-registry": "^0.1.702"
      }
    },
    "node_modules/types-registry": {
      "version": "0.1.702",
      "resolved": "https://registry.npmjs.org/types-registry/-/types-registry-0.1.702.tgz",
      "integrity": "sha512-kKC9chjlXsZc+n7BubbrCtrCaQQAJXJ1CXeSg9b9hNGo0mvrUCIaiz+ik2ygGlDL/urE+pVIDmEnKe7sGpj1jg==",
      "license": "MIT"
    }
  }
}
